
Microsoft Visual Studio Solution File, Format Version 12.00
# Visual Studio 15
VisualStudioVersion = 15.0.28307.489
MinimumVisualStudioVersion = 10.0.40219.1
Project("{FAE04EC0-301F-11D3-BF4B-00C04F79EFBC}") = "Ejercicio38", "Ejercicio38\Ejercicio38.csproj", "{9FE69211-5F0F-48E7-AC94-F9309C243EF5}"
EndProject
Global
	GlobalSection(SolutionConfigurationPlatforms) = preSolution
		Debug|Any CPU = Debug|Any CPU
		Release|Any CPU = Release|Any CPU
	EndGlobalSection
	GlobalSection(ProjectConfigurationPlatforms) = postSolution
		{9FE69211-5F0F-48E7-AC94-F9309C243EF5}.Debug|Any CPU.ActiveCfg = Debug|Any CPU
		{9FE69211-5F0F-48E7-AC94-F9309C243EF5}.Debug|Any CPU.Build.0 = Debug|Any CPU
		{9FE69211-5F0F-48E7-AC94-F9309C243EF5}.Release|Any CPU.ActiveCfg = Release|Any CPU
		{9FE69211-5F0F-48E7-AC94-F9309C243EF5}.Release|Any CPU.Build.0 = Release|Any CPU
	EndGlobalSection
	GlobalSection(SolutionProperties) = preSolution
		HideSolutionNode = FALSE
	EndGlobalSection
	GlobalSection(ExtensibilityGlobals) = postSolution
		SolutionGuid = {5B297F2C-E7C0-4E90-9348-CF24816F2C14}
	EndGlobalSection
EndGlobal
