
Microsoft Visual Studio Solution File, Format Version 12.00
# Visual Studio 15
VisualStudioVersion = 15.0.28307.489
MinimumVisualStudioVersion = 10.0.40219.1
Project("{FAE04EC0-301F-11D3-BF4B-00C04F79EFBC}") = "EntidadFinanciera", "Entidades\EntidadFinanciera.csproj", "{7E266750-03EF-440F-9B17-14DEC583EDB4}"
EndProject
Project("{FAE04EC0-301F-11D3-BF4B-00C04F79EFBC}") = "Test", "Test\Test.csproj", "{5070AECD-1289-4E99-8D4A-5E1CA773B4CC}"
EndProject
Global
	GlobalSection(SolutionConfigurationPlatforms) = preSolution
		Debug|Any CPU = Debug|Any CPU
		Release|Any CPU = Release|Any CPU
	EndGlobalSection
	GlobalSection(ProjectConfigurationPlatforms) = postSolution
		{7E266750-03EF-440F-9B17-14DEC583EDB4}.Debug|Any CPU.ActiveCfg = Debug|Any CPU
		{7E266750-03EF-440F-9B17-14DEC583EDB4}.Debug|Any CPU.Build.0 = Debug|Any CPU
		{7E266750-03EF-440F-9B17-14DEC583EDB4}.Release|Any CPU.ActiveCfg = Release|Any CPU
		{7E266750-03EF-440F-9B17-14DEC583EDB4}.Release|Any CPU.Build.0 = Release|Any CPU
		{5070AECD-1289-4E99-8D4A-5E1CA773B4CC}.Debug|Any CPU.ActiveCfg = Debug|Any CPU
		{5070AECD-1289-4E99-8D4A-5E1CA773B4CC}.Debug|Any CPU.Build.0 = Debug|Any CPU
		{5070AECD-1289-4E99-8D4A-5E1CA773B4CC}.Release|Any CPU.ActiveCfg = Release|Any CPU
		{5070AECD-1289-4E99-8D4A-5E1CA773B4CC}.Release|Any CPU.Build.0 = Release|Any CPU
	EndGlobalSection
	GlobalSection(SolutionProperties) = preSolution
		HideSolutionNode = FALSE
	EndGlobalSection
	GlobalSection(ExtensibilityGlobals) = postSolution
		SolutionGuid = {B29CD654-1A31-44CB-A765-4B503391CE4C}
	EndGlobalSection
EndGlobal
