
Microsoft Visual Studio Solution File, Format Version 12.00
# Visual Studio 15
VisualStudioVersion = 15.0.27703.2047
MinimumVisualStudioVersion = 10.0.40219.1
Project("{FAE04EC0-301F-11D3-BF4B-00C04F79EFBC}") = "Ejercicio16", "Ejercicio16a18\Ejercicio16.csproj", "{1807BC1B-3A5F-4CE8-B748-7261469232F1}"
EndProject
Project("{FAE04EC0-301F-11D3-BF4B-00C04F79EFBC}") = "Ejercicio17", "Ejercicio17\Ejercicio17.csproj", "{15E24FC7-14DB-45C3-933A-E5985075599C}"
EndProject
Project("{FAE04EC0-301F-11D3-BF4B-00C04F79EFBC}") = "Ejercicio18", "Ejercicio18\Ejercicio18.csproj", "{7AB0F87A-5003-49F3-948E-9776D0D12027}"
EndProject
Project("{FAE04EC0-301F-11D3-BF4B-00C04F79EFBC}") = "Ejercicio19", "Ejercicio19\Ejercicio19.csproj", "{0E3107EB-BDEC-4A68-B13A-F406FB17ED8F}"
EndProject
Global
	GlobalSection(SolutionConfigurationPlatforms) = preSolution
		Debug|Any CPU = Debug|Any CPU
		Release|Any CPU = Release|Any CPU
	EndGlobalSection
	GlobalSection(ProjectConfigurationPlatforms) = postSolution
		{1807BC1B-3A5F-4CE8-B748-7261469232F1}.Debug|Any CPU.ActiveCfg = Debug|Any CPU
		{1807BC1B-3A5F-4CE8-B748-7261469232F1}.Debug|Any CPU.Build.0 = Debug|Any CPU
		{1807BC1B-3A5F-4CE8-B748-7261469232F1}.Release|Any CPU.ActiveCfg = Release|Any CPU
		{1807BC1B-3A5F-4CE8-B748-7261469232F1}.Release|Any CPU.Build.0 = Release|Any CPU
		{15E24FC7-14DB-45C3-933A-E5985075599C}.Debug|Any CPU.ActiveCfg = Debug|Any CPU
		{15E24FC7-14DB-45C3-933A-E5985075599C}.Debug|Any CPU.Build.0 = Debug|Any CPU
		{15E24FC7-14DB-45C3-933A-E5985075599C}.Release|Any CPU.ActiveCfg = Release|Any CPU
		{15E24FC7-14DB-45C3-933A-E5985075599C}.Release|Any CPU.Build.0 = Release|Any CPU
		{7AB0F87A-5003-49F3-948E-9776D0D12027}.Debug|Any CPU.ActiveCfg = Debug|Any CPU
		{7AB0F87A-5003-49F3-948E-9776D0D12027}.Debug|Any CPU.Build.0 = Debug|Any CPU
		{7AB0F87A-5003-49F3-948E-9776D0D12027}.Release|Any CPU.ActiveCfg = Release|Any CPU
		{7AB0F87A-5003-49F3-948E-9776D0D12027}.Release|Any CPU.Build.0 = Release|Any CPU
		{0E3107EB-BDEC-4A68-B13A-F406FB17ED8F}.Debug|Any CPU.ActiveCfg = Debug|Any CPU
		{0E3107EB-BDEC-4A68-B13A-F406FB17ED8F}.Debug|Any CPU.Build.0 = Debug|Any CPU
		{0E3107EB-BDEC-4A68-B13A-F406FB17ED8F}.Release|Any CPU.ActiveCfg = Release|Any CPU
		{0E3107EB-BDEC-4A68-B13A-F406FB17ED8F}.Release|Any CPU.Build.0 = Release|Any CPU
	EndGlobalSection
	GlobalSection(SolutionProperties) = preSolution
		HideSolutionNode = FALSE
	EndGlobalSection
	GlobalSection(ExtensibilityGlobals) = postSolution
		SolutionGuid = {032DE0AA-BAF7-4853-B96B-82DCE04E2E32}
	EndGlobalSection
EndGlobal
