
Microsoft Visual Studio Solution File, Format Version 12.00
# Visual Studio 15
VisualStudioVersion = 15.0.28307.489
MinimumVisualStudioVersion = 10.0.40219.1
Project("{FAE04EC0-301F-11D3-BF4B-00C04F79EFBC}") = "Mascotas", "Mascotas\Mascotas.csproj", "{4E022853-2430-4E78-850E-65CD868DF038}"
EndProject
Global
	GlobalSection(SolutionConfigurationPlatforms) = preSolution
		Debug|Any CPU = Debug|Any CPU
		Release|Any CPU = Release|Any CPU
	EndGlobalSection
	GlobalSection(ProjectConfigurationPlatforms) = postSolution
		{4E022853-2430-4E78-850E-65CD868DF038}.Debug|Any CPU.ActiveCfg = Debug|Any CPU
		{4E022853-2430-4E78-850E-65CD868DF038}.Debug|Any CPU.Build.0 = Debug|Any CPU
		{4E022853-2430-4E78-850E-65CD868DF038}.Release|Any CPU.ActiveCfg = Release|Any CPU
		{4E022853-2430-4E78-850E-65CD868DF038}.Release|Any CPU.Build.0 = Release|Any CPU
	EndGlobalSection
	GlobalSection(SolutionProperties) = preSolution
		HideSolutionNode = FALSE
	EndGlobalSection
	GlobalSection(ExtensibilityGlobals) = postSolution
		SolutionGuid = {065592FE-6379-4BE9-854F-214EE6877D35}
	EndGlobalSection
EndGlobal
