
Microsoft Visual Studio Solution File, Format Version 12.00
# Visual Studio 15
VisualStudioVersion = 15.0.27703.2047
MinimumVisualStudioVersion = 10.0.40219.1
Project("{FAE04EC0-301F-11D3-BF4B-00C04F79EFBC}") = "Ejercicio47", "Ejercicio47\Ejercicio47.csproj", "{1F1B6D0E-4C50-4B65-B811-1E968159C8B8}"
EndProject
Project("{FAE04EC0-301F-11D3-BF4B-00C04F79EFBC}") = "Console", "Console\Console.csproj", "{5604E348-B052-428C-8706-37737243B698}"
EndProject
Global
	GlobalSection(SolutionConfigurationPlatforms) = preSolution
		Debug|Any CPU = Debug|Any CPU
		Release|Any CPU = Release|Any CPU
	EndGlobalSection
	GlobalSection(ProjectConfigurationPlatforms) = postSolution
		{1F1B6D0E-4C50-4B65-B811-1E968159C8B8}.Debug|Any CPU.ActiveCfg = Debug|Any CPU
		{1F1B6D0E-4C50-4B65-B811-1E968159C8B8}.Debug|Any CPU.Build.0 = Debug|Any CPU
		{1F1B6D0E-4C50-4B65-B811-1E968159C8B8}.Release|Any CPU.ActiveCfg = Release|Any CPU
		{1F1B6D0E-4C50-4B65-B811-1E968159C8B8}.Release|Any CPU.Build.0 = Release|Any CPU
		{5604E348-B052-428C-8706-37737243B698}.Debug|Any CPU.ActiveCfg = Debug|Any CPU
		{5604E348-B052-428C-8706-37737243B698}.Debug|Any CPU.Build.0 = Debug|Any CPU
		{5604E348-B052-428C-8706-37737243B698}.Release|Any CPU.ActiveCfg = Release|Any CPU
		{5604E348-B052-428C-8706-37737243B698}.Release|Any CPU.Build.0 = Release|Any CPU
	EndGlobalSection
	GlobalSection(SolutionProperties) = preSolution
		HideSolutionNode = FALSE
	EndGlobalSection
	GlobalSection(ExtensibilityGlobals) = postSolution
		SolutionGuid = {8C6F4541-32CD-4190-ACD5-D24BCD4DDA27}
	EndGlobalSection
EndGlobal
