
Microsoft Visual Studio Solution File, Format Version 12.00
# Visual Studio 15
VisualStudioVersion = 15.0.27703.2047
MinimumVisualStudioVersion = 10.0.40219.1
Project("{FAE04EC0-301F-11D3-BF4B-00C04F79EFBC}") = "Ejercicio1", "Ejercicio1\Ejercicio1.csproj", "{EED4A955-177E-464D-947B-191F0E9840AF}"
EndProject
Project("{FAE04EC0-301F-11D3-BF4B-00C04F79EFBC}") = "Ejercicio2", "Ejercicio2\Ejercicio2.csproj", "{CCB1D125-611F-4326-9D7D-8A8ACB51B1F3}"
EndProject
Project("{FAE04EC0-301F-11D3-BF4B-00C04F79EFBC}") = "Ejercicio3", "Ejercicio3\Ejercicio3.csproj", "{E2E62C26-87E0-40E5-AD9F-BD8725AB59F9}"
EndProject
Project("{FAE04EC0-301F-11D3-BF4B-00C04F79EFBC}") = "Ejercicio4", "Ejercicio4\Ejercicio4.csproj", "{69DC3DA1-06D2-453E-B7EE-4EE0BA93AE00}"
EndProject
Global
	GlobalSection(SolutionConfigurationPlatforms) = preSolution
		Debug|Any CPU = Debug|Any CPU
		Release|Any CPU = Release|Any CPU
	EndGlobalSection
	GlobalSection(ProjectConfigurationPlatforms) = postSolution
		{EED4A955-177E-464D-947B-191F0E9840AF}.Debug|Any CPU.ActiveCfg = Debug|Any CPU
		{EED4A955-177E-464D-947B-191F0E9840AF}.Debug|Any CPU.Build.0 = Debug|Any CPU
		{EED4A955-177E-464D-947B-191F0E9840AF}.Release|Any CPU.ActiveCfg = Release|Any CPU
		{EED4A955-177E-464D-947B-191F0E9840AF}.Release|Any CPU.Build.0 = Release|Any CPU
		{CCB1D125-611F-4326-9D7D-8A8ACB51B1F3}.Debug|Any CPU.ActiveCfg = Debug|Any CPU
		{CCB1D125-611F-4326-9D7D-8A8ACB51B1F3}.Debug|Any CPU.Build.0 = Debug|Any CPU
		{CCB1D125-611F-4326-9D7D-8A8ACB51B1F3}.Release|Any CPU.ActiveCfg = Release|Any CPU
		{CCB1D125-611F-4326-9D7D-8A8ACB51B1F3}.Release|Any CPU.Build.0 = Release|Any CPU
		{E2E62C26-87E0-40E5-AD9F-BD8725AB59F9}.Debug|Any CPU.ActiveCfg = Debug|Any CPU
		{E2E62C26-87E0-40E5-AD9F-BD8725AB59F9}.Debug|Any CPU.Build.0 = Debug|Any CPU
		{E2E62C26-87E0-40E5-AD9F-BD8725AB59F9}.Release|Any CPU.ActiveCfg = Release|Any CPU
		{E2E62C26-87E0-40E5-AD9F-BD8725AB59F9}.Release|Any CPU.Build.0 = Release|Any CPU
		{69DC3DA1-06D2-453E-B7EE-4EE0BA93AE00}.Debug|Any CPU.ActiveCfg = Debug|Any CPU
		{69DC3DA1-06D2-453E-B7EE-4EE0BA93AE00}.Debug|Any CPU.Build.0 = Debug|Any CPU
		{69DC3DA1-06D2-453E-B7EE-4EE0BA93AE00}.Release|Any CPU.ActiveCfg = Release|Any CPU
		{69DC3DA1-06D2-453E-B7EE-4EE0BA93AE00}.Release|Any CPU.Build.0 = Release|Any CPU
	EndGlobalSection
	GlobalSection(SolutionProperties) = preSolution
		HideSolutionNode = FALSE
	EndGlobalSection
	GlobalSection(ExtensibilityGlobals) = postSolution
		SolutionGuid = {E883C73B-555C-4F7F-A650-D28547C7054C}
	EndGlobalSection
EndGlobal
