
Microsoft Visual Studio Solution File, Format Version 12.00
# Visual Studio 15
VisualStudioVersion = 15.0.27703.2047
MinimumVisualStudioVersion = 10.0.40219.1
Project("{FAE04EC0-301F-11D3-BF4B-00C04F79EFBC}") = "Ejercicio1", "Ejercicio1\Ejercicio1.csproj", "{EED4A955-177E-464D-947B-191F0E9840AF}"
EndProject
Project("{FAE04EC0-301F-11D3-BF4B-00C04F79EFBC}") = "Ejercicio2", "Ejercicio2\Ejercicio2.csproj", "{CCB1D125-611F-4326-9D7D-8A8ACB51B1F3}"
EndProject
Project("{FAE04EC0-301F-11D3-BF4B-00C04F79EFBC}") = "Ejercicio3", "Ejercicio3\Ejercicio3.csproj", "{E2E62C26-87E0-40E5-AD9F-BD8725AB59F9}"
EndProject
Project("{FAE04EC0-301F-11D3-BF4B-00C04F79EFBC}") = "Ejercicio4", "Ejercicio4\Ejercicio4.csproj", "{69DC3DA1-06D2-453E-B7EE-4EE0BA93AE00}"
EndProject
Project("{FAE04EC0-301F-11D3-BF4B-00C04F79EFBC}") = "Ejercicio5", "Ejercicio5\Ejercicio5.csproj", "{A8590F1F-00EA-4B79-A3E0-3B11717150DB}"
EndProject
Project("{FAE04EC0-301F-11D3-BF4B-00C04F79EFBC}") = "Ejercicio6", "Ejercicio6\Ejercicio6.csproj", "{C0CDDD28-262E-4382-B696-6DCE75DB6B15}"
EndProject
Project("{FAE04EC0-301F-11D3-BF4B-00C04F79EFBC}") = "Ejercicio7", "Ejercicio7\Ejercicio7.csproj", "{A6DA6DAD-ABB9-41DA-9809-E6299232B183}"
EndProject
Project("{FAE04EC0-301F-11D3-BF4B-00C04F79EFBC}") = "Ejercicio8", "Ejercicio8\Ejercicio8.csproj", "{F2693787-0A94-4BC8-AA3C-13F2ED0684CD}"
EndProject
Project("{FAE04EC0-301F-11D3-BF4B-00C04F79EFBC}") = "Ejercicio11", "Ejercicio11\Ejercicio11.csproj", "{50475136-DEEF-4B5E-8599-D686ACCED945}"
EndProject
Project("{FAE04EC0-301F-11D3-BF4B-00C04F79EFBC}") = "Ejercicio12", "Ejercicio12\Ejercicio12.csproj", "{BE528627-1923-4611-8347-CAF979BE81E4}"
EndProject
Project("{FAE04EC0-301F-11D3-BF4B-00C04F79EFBC}") = "Ejercico13", "Ejercico13\Ejercico13.csproj", "{BFF7869A-C85C-44AA-99DD-F04159E00323}"
EndProject
Project("{FAE04EC0-301F-11D3-BF4B-00C04F79EFBC}") = "Ejercicio14", "Ejercicio14\Ejercicio14.csproj", "{FD4B7F45-359A-46C6-AA6C-E3CA8E386E7A}"
EndProject
Project("{FAE04EC0-301F-11D3-BF4B-00C04F79EFBC}") = "Ejercicio15", "Ejercicio15\Ejercicio15.csproj", "{0813CC23-5162-449E-A382-7F8B509FF0D0}"
EndProject
Global
	GlobalSection(SolutionConfigurationPlatforms) = preSolution
		Debug|Any CPU = Debug|Any CPU
		Release|Any CPU = Release|Any CPU
	EndGlobalSection
	GlobalSection(ProjectConfigurationPlatforms) = postSolution
		{EED4A955-177E-464D-947B-191F0E9840AF}.Debug|Any CPU.ActiveCfg = Debug|Any CPU
		{EED4A955-177E-464D-947B-191F0E9840AF}.Debug|Any CPU.Build.0 = Debug|Any CPU
		{EED4A955-177E-464D-947B-191F0E9840AF}.Release|Any CPU.ActiveCfg = Release|Any CPU
		{EED4A955-177E-464D-947B-191F0E9840AF}.Release|Any CPU.Build.0 = Release|Any CPU
		{CCB1D125-611F-4326-9D7D-8A8ACB51B1F3}.Debug|Any CPU.ActiveCfg = Debug|Any CPU
		{CCB1D125-611F-4326-9D7D-8A8ACB51B1F3}.Debug|Any CPU.Build.0 = Debug|Any CPU
		{CCB1D125-611F-4326-9D7D-8A8ACB51B1F3}.Release|Any CPU.ActiveCfg = Release|Any CPU
		{CCB1D125-611F-4326-9D7D-8A8ACB51B1F3}.Release|Any CPU.Build.0 = Release|Any CPU
		{E2E62C26-87E0-40E5-AD9F-BD8725AB59F9}.Debug|Any CPU.ActiveCfg = Debug|Any CPU
		{E2E62C26-87E0-40E5-AD9F-BD8725AB59F9}.Debug|Any CPU.Build.0 = Debug|Any CPU
		{E2E62C26-87E0-40E5-AD9F-BD8725AB59F9}.Release|Any CPU.ActiveCfg = Release|Any CPU
		{E2E62C26-87E0-40E5-AD9F-BD8725AB59F9}.Release|Any CPU.Build.0 = Release|Any CPU
		{69DC3DA1-06D2-453E-B7EE-4EE0BA93AE00}.Debug|Any CPU.ActiveCfg = Debug|Any CPU
		{69DC3DA1-06D2-453E-B7EE-4EE0BA93AE00}.Debug|Any CPU.Build.0 = Debug|Any CPU
		{69DC3DA1-06D2-453E-B7EE-4EE0BA93AE00}.Release|Any CPU.ActiveCfg = Release|Any CPU
		{69DC3DA1-06D2-453E-B7EE-4EE0BA93AE00}.Release|Any CPU.Build.0 = Release|Any CPU
		{A8590F1F-00EA-4B79-A3E0-3B11717150DB}.Debug|Any CPU.ActiveCfg = Debug|Any CPU
		{A8590F1F-00EA-4B79-A3E0-3B11717150DB}.Debug|Any CPU.Build.0 = Debug|Any CPU
		{A8590F1F-00EA-4B79-A3E0-3B11717150DB}.Release|Any CPU.ActiveCfg = Release|Any CPU
		{A8590F1F-00EA-4B79-A3E0-3B11717150DB}.Release|Any CPU.Build.0 = Release|Any CPU
		{C0CDDD28-262E-4382-B696-6DCE75DB6B15}.Debug|Any CPU.ActiveCfg = Debug|Any CPU
		{C0CDDD28-262E-4382-B696-6DCE75DB6B15}.Debug|Any CPU.Build.0 = Debug|Any CPU
		{C0CDDD28-262E-4382-B696-6DCE75DB6B15}.Release|Any CPU.ActiveCfg = Release|Any CPU
		{C0CDDD28-262E-4382-B696-6DCE75DB6B15}.Release|Any CPU.Build.0 = Release|Any CPU
		{A6DA6DAD-ABB9-41DA-9809-E6299232B183}.Debug|Any CPU.ActiveCfg = Debug|Any CPU
		{A6DA6DAD-ABB9-41DA-9809-E6299232B183}.Debug|Any CPU.Build.0 = Debug|Any CPU
		{A6DA6DAD-ABB9-41DA-9809-E6299232B183}.Release|Any CPU.ActiveCfg = Release|Any CPU
		{A6DA6DAD-ABB9-41DA-9809-E6299232B183}.Release|Any CPU.Build.0 = Release|Any CPU
		{F2693787-0A94-4BC8-AA3C-13F2ED0684CD}.Debug|Any CPU.ActiveCfg = Debug|Any CPU
		{F2693787-0A94-4BC8-AA3C-13F2ED0684CD}.Debug|Any CPU.Build.0 = Debug|Any CPU
		{F2693787-0A94-4BC8-AA3C-13F2ED0684CD}.Release|Any CPU.ActiveCfg = Release|Any CPU
		{F2693787-0A94-4BC8-AA3C-13F2ED0684CD}.Release|Any CPU.Build.0 = Release|Any CPU
		{50475136-DEEF-4B5E-8599-D686ACCED945}.Debug|Any CPU.ActiveCfg = Debug|Any CPU
		{50475136-DEEF-4B5E-8599-D686ACCED945}.Debug|Any CPU.Build.0 = Debug|Any CPU
		{50475136-DEEF-4B5E-8599-D686ACCED945}.Release|Any CPU.ActiveCfg = Release|Any CPU
		{50475136-DEEF-4B5E-8599-D686ACCED945}.Release|Any CPU.Build.0 = Release|Any CPU
		{BE528627-1923-4611-8347-CAF979BE81E4}.Debug|Any CPU.ActiveCfg = Debug|Any CPU
		{BE528627-1923-4611-8347-CAF979BE81E4}.Debug|Any CPU.Build.0 = Debug|Any CPU
		{BE528627-1923-4611-8347-CAF979BE81E4}.Release|Any CPU.ActiveCfg = Release|Any CPU
		{BE528627-1923-4611-8347-CAF979BE81E4}.Release|Any CPU.Build.0 = Release|Any CPU
		{BFF7869A-C85C-44AA-99DD-F04159E00323}.Debug|Any CPU.ActiveCfg = Debug|Any CPU
		{BFF7869A-C85C-44AA-99DD-F04159E00323}.Debug|Any CPU.Build.0 = Debug|Any CPU
		{BFF7869A-C85C-44AA-99DD-F04159E00323}.Release|Any CPU.ActiveCfg = Release|Any CPU
		{BFF7869A-C85C-44AA-99DD-F04159E00323}.Release|Any CPU.Build.0 = Release|Any CPU
		{FD4B7F45-359A-46C6-AA6C-E3CA8E386E7A}.Debug|Any CPU.ActiveCfg = Debug|Any CPU
		{FD4B7F45-359A-46C6-AA6C-E3CA8E386E7A}.Debug|Any CPU.Build.0 = Debug|Any CPU
		{FD4B7F45-359A-46C6-AA6C-E3CA8E386E7A}.Release|Any CPU.ActiveCfg = Release|Any CPU
		{FD4B7F45-359A-46C6-AA6C-E3CA8E386E7A}.Release|Any CPU.Build.0 = Release|Any CPU
		{0813CC23-5162-449E-A382-7F8B509FF0D0}.Debug|Any CPU.ActiveCfg = Debug|Any CPU
		{0813CC23-5162-449E-A382-7F8B509FF0D0}.Debug|Any CPU.Build.0 = Debug|Any CPU
		{0813CC23-5162-449E-A382-7F8B509FF0D0}.Release|Any CPU.ActiveCfg = Release|Any CPU
		{0813CC23-5162-449E-A382-7F8B509FF0D0}.Release|Any CPU.Build.0 = Release|Any CPU
	EndGlobalSection
	GlobalSection(SolutionProperties) = preSolution
		HideSolutionNode = FALSE
	EndGlobalSection
	GlobalSection(ExtensibilityGlobals) = postSolution
		SolutionGuid = {E883C73B-555C-4F7F-A650-D28547C7054C}
	EndGlobalSection
EndGlobal
